<?xml version="1.0" encoding="utf-8"?>
<Project ToolsVersion="4.0" xmlns="http://schemas.microsoft.com/developer/msbuild/2003">
  <ItemGroup>
    <Filter Include="Zdrojové soubory">
      <UniqueIdentifier>{4FC737F1-C7A5-4376-A066-2A32D752A2FF}</UniqueIdentifier>
      <Extensions>cpp;c;cc;cxx;c++;cppm;ixx;def;odl;idl;hpj;bat;asm;asmx</Extensions>
    </Filter>
    <Filter Include="Hlavičkové soubory">
      <UniqueIdentifier>{93995380-89BD-4b04-88EB-625FBE52EBFB}</UniqueIdentifier>
      <Extensions>h;hh;hpp;hxx;h++;hm;inl;inc;ipp;xsd</Extensions>
    </Filter>
    <Filter Include="Soubory zdrojů">
      <UniqueIdentifier>{67DA6AB6-F800-4c08-8B7A-83BB121AAD01}</UniqueIdentifier>
      <Extensions>rc;ico;cur;bmp;dlg;rc2;rct;bin;rgs;gif;jpg;jpeg;jpe;resx;tiff;tif;png;wav;mfcribbon-ms</Extensions>
    </Filter>
    <Filter Include="Soubory zdrojů\Fragments">
      <UniqueIdentifier>{2877dff7-513f-42b1-bf54-bc86fd65a775}</UniqueIdentifier>
    </Filter>
    <Filter Include="Soubory zdrojů\Vertexes">
      <UniqueIdentifier>{c0da3d75-3992-4e51-a500-912d06040881}</UniqueIdentifier>
    </Filter>
    <Filter Include="Soubory zdrojů\Textures">
      <UniqueIdentifier>{f7db011c-7ce0-42a9-9962-398f8fc99da3}</UniqueIdentifier>
    </Filter>
    <Filter Include="Hlavičkové soubory\Models">
      <UniqueIdentifier>{9d9b07af-563e-469b-81f1-14f0c7b1f809}</UniqueIdentifier>
    </Filter>
    <Filter Include="Soubory zdrojů\Model">
      <UniqueIdentifier>{f1f51a14-7bcc-4734-8b3d-ddd9565d9311}</UniqueIdentifier>
    </Filter>
    <Filter Include="Zdrojové soubory\Models">
      <UniqueIdentifier>{9b967319-5a8d-4657-a369-2ddb73ae3bf8}</UniqueIdentifier>
    </Filter>
  </ItemGroup>
  <ItemGroup>
    <ClCompile Include="main.cpp">
      <Filter>Zdrojové soubory</Filter>
    </ClCompile>
    <ClCompile Include="Application.cpp">
      <Filter>Zdrojové soubory</Filter>
    </ClCompile>
    <ClCompile Include="Callbacks.cpp">
      <Filter>Zdrojové soubory</Filter>
    </ClCompile>
    <ClCompile Include="Models.cpp">
      <Filter>Zdrojové soubory</Filter>
    </ClCompile>
    <ClCompile Include="Shader.cpp">
      <Filter>Zdrojové soubory</Filter>
    </ClCompile>
    <ClCompile Include="Scene.cpp">
      <Filter>Zdrojové soubory</Filter>
    </ClCompile>
    <ClCompile Include="DrawableObject.cpp">
      <Filter>Zdrojové soubory</Filter>
    </ClCompile>
    <ClCompile Include="Transformation.cpp">
      <Filter>Zdrojové soubory</Filter>
    </ClCompile>
    <ClCompile Include="Camera.cpp">
      <Filter>Zdrojové soubory</Filter>
    </ClCompile>
    <ClCompile Include="Mouse.cpp">
      <Filter>Zdrojové soubory</Filter>
    </ClCompile>
    <ClCompile Include="ShaderLoader.cpp">
      <Filter>Zdrojové soubory</Filter>
    </ClCompile>
    <ClCompile Include="Observer.cpp">
      <Filter>Zdrojové soubory</Filter>
    </ClCompile>
    <ClCompile Include="Light.cpp">
      <Filter>Zdrojové soubory</Filter>
    </ClCompile>
    <ClCompile Include="ShaderInstances.cpp">
      <Filter>Zdrojové soubory</Filter>
    </ClCompile>
    <ClCompile Include="Bushes.cpp">
      <Filter>Zdrojové soubory\Models</Filter>
    </ClCompile>
    <ClCompile Include="Sphere.cpp">
      <Filter>Zdrojové soubory\Models</Filter>
    </ClCompile>
    <ClCompile Include="SuziFlat.cpp">
      <Filter>Zdrojové soubory\Models</Filter>
    </ClCompile>
    <ClCompile Include="Skybox.cpp">
      <Filter>Zdrojové soubory\Models</Filter>
    </ClCompile>
    <ClCompile Include="Terrain.cpp">
      <Filter>Zdrojové soubory\Models</Filter>
    </ClCompile>
    <ClCompile Include="Texture.cpp">
      <Filter>Zdrojové soubory</Filter>
    </ClCompile>
    <ClCompile Include="Gift.cpp">
      <Filter>Zdrojové soubory\Models</Filter>
    </ClCompile>
    <ClCompile Include="Plain.cpp">
      <Filter>Zdrojové soubory\Models</Filter>
    </ClCompile>
    <ClCompile Include="SuziSmooth.cpp">
      <Filter>Zdrojové soubory\Models</Filter>
    </ClCompile>
    <ClCompile Include="Tree.cpp">
      <Filter>Zdrojové soubory\Models</Filter>
    </ClCompile>
  </ItemGroup>
  <ItemGroup>
    <ClInclude Include="Application.h">
      <Filter>Hlavičkové soubory</Filter>
    </ClInclude>
    <ClInclude Include="Callbacks.h">
      <Filter>Hlavičkové soubory</Filter>
    </ClInclude>
    <ClInclude Include="Models.hpp">
      <Filter>Hlavičkové soubory</Filter>
    </ClInclude>
    <ClInclude Include="Shader.h">
      <Filter>Hlavičkové soubory</Filter>
    </ClInclude>
    <ClInclude Include="Scene.h">
      <Filter>Hlavičkové soubory</Filter>
    </ClInclude>
    <ClInclude Include="DrawableObject.h">
      <Filter>Hlavičkové soubory</Filter>
    </ClInclude>
    <ClInclude Include="Transformation.h">
      <Filter>Hlavičkové soubory</Filter>
    </ClInclude>
    <ClInclude Include="Camera.hpp">
      <Filter>Hlavičkové soubory</Filter>
    </ClInclude>
    <ClInclude Include="Mouse.h">
      <Filter>Hlavičkové soubory</Filter>
    </ClInclude>
    <ClInclude Include="ShaderLoader.h">
      <Filter>Hlavičkové soubory</Filter>
    </ClInclude>
    <ClInclude Include="Observer.h">
      <Filter>Hlavičkové soubory</Filter>
    </ClInclude>
    <ClInclude Include="Light.hpp">
      <Filter>Hlavičkové soubory</Filter>
    </ClInclude>
    <ClInclude Include="ShaderInstances.h">
      <Filter>Hlavičkové soubory</Filter>
    </ClInclude>
    <ClInclude Include="Bushes.hpp">
      <Filter>Hlavičkové soubory\Models</Filter>
    </ClInclude>
    <ClInclude Include="Sphere.hpp">
      <Filter>Hlavičkové soubory\Models</Filter>
    </ClInclude>
    <ClInclude Include="SuziFlat.hpp">
      <Filter>Hlavičkové soubory\Models</Filter>
    </ClInclude>
    <ClInclude Include="Models\bushes.h.h">
      <Filter>Soubory zdrojů\Model</Filter>
    </ClInclude>
    <ClInclude Include="Models\gift.h">
      <Filter>Soubory zdrojů\Model</Filter>
    </ClInclude>
    <ClInclude Include="Models\plain.h">
      <Filter>Soubory zdrojů\Model</Filter>
    </ClInclude>
    <ClInclude Include="Models\sphere.h">
      <Filter>Soubory zdrojů\Model</Filter>
    </ClInclude>
    <ClInclude Include="Models\suzi_flat.h">
      <Filter>Soubory zdrojů\Model</Filter>
    </ClInclude>
    <ClInclude Include="Models\suzi_smooth.h">
      <Filter>Soubory zdrojů\Model</Filter>
    </ClInclude>
    <ClInclude Include="Models\tree.h">
      <Filter>Soubory zdrojů\Model</Filter>
    </ClInclude>
    <ClInclude Include="Models\skycube.h">
      <Filter>Soubory zdrojů\Model</Filter>
    </ClInclude>
    <ClInclude Include="Skybox.h">
      <Filter>Hlavičkové soubory\Models</Filter>
    </ClInclude>
    <ClInclude Include="Terrain.h">
      <Filter>Hlavičkové soubory\Models</Filter>
    </ClInclude>
    <ClInclude Include="Texture.hpp">
      <Filter>Hlavičkové soubory</Filter>
    </ClInclude>
    <ClInclude Include="Gift.hpp">
      <Filter>Hlavičkové soubory\Models</Filter>
    </ClInclude>
    <ClInclude Include="Plain.hpp">
      <Filter>Hlavičkové soubory\Models</Filter>
    </ClInclude>
    <ClInclude Include="SuziSmooth.hpp">
      <Filter>Hlavičkové soubory\Models</Filter>
    </ClInclude>
    <ClInclude Include="Tree.hpp">
      <Filter>Hlavičkové soubory\Models</Filter>
    </ClInclude>
  </ItemGroup>
  <ItemGroup>
    <Text Include="Phong.txt">
      <Filter>Soubory zdrojů\Fragments</Filter>
    </Text>
    <Text Include="light_no_textures.txt">
      <Filter>Soubory zdrojů\Vertexes</Filter>
    </Text>
    <Text Include="Blinn.txt">
      <Filter>Soubory zdrojů\Fragments</Filter>
    </Text>
    <Text Include="defaultfragment.txt">
      <Filter>Soubory zdrojů\Fragments</Filter>
    </Text>
    <Text Include="defaultvertex.txt">
      <Filter>Soubory zdrojů\Vertexes</Filter>
    </Text>
    <Text Include="PhongBroken.txt">
      <Filter>Soubory zdrojů\Fragments</Filter>
    </Text>
    <Text Include="Lambert.txt">
      <Filter>Soubory zdrojů\Fragments</Filter>
    </Text>
    <Text Include="phong_no_textures.txt">
      <Filter>Soubory zdrojů\Fragments</Filter>
    </Text>
    <Text Include="skybox.frag">
      <Filter>Soubory zdrojů\Fragments</Filter>
    </Text>
    <Text Include="terrain.frag">
      <Filter>Soubory zdrojů\Fragments</Filter>
    </Text>
    <Text Include="light.txt">
      <Filter>Soubory zdrojů\Vertexes</Filter>
    </Text>
    <Text Include="skybox.vert">
      <Filter>Soubory zdrojů\Vertexes</Filter>
    </Text>
    <Text Include="terrain.vert">
      <Filter>Soubory zdrojů\Vertexes</Filter>
    </Text>
  </ItemGroup>
  <ItemGroup>
    <None Include="ClassDiagram.cd" />
  </ItemGroup>
  <ItemGroup>
    <Image Include="Textures\fulldome3.jpg">
      <Filter>Soubory zdrojů\Textures</Filter>
    </Image>
    <Image Include="Textures\skydome.png">
      <Filter>Soubory zdrojů\Textures</Filter>
    </Image>
    <Image Include="Textures\cubemap\negx.jpg">
      <Filter>Soubory zdrojů\Textures</Filter>
    </Image>
    <Image Include="Textures\cubemap\negy.jpg">
      <Filter>Soubory zdrojů\Textures</Filter>
    </Image>
    <Image Include="Textures\cubemap\negz.jpg">
      <Filter>Soubory zdrojů\Textures</Filter>
    </Image>
    <Image Include="Textures\cubemap\posx.jpg">
      <Filter>Soubory zdrojů\Textures</Filter>
    </Image>
    <Image Include="Textures\cubemap\posy.jpg">
      <Filter>Soubory zdrojů\Textures</Filter>
    </Image>
    <Image Include="Textures\cubemap\posz.jpg">
      <Filter>Soubory zdrojů\Textures</Filter>
    </Image>
    <Image Include="Textures\wooden_fence.png">
      <Filter>Soubory zdrojů\Textures</Filter>
    </Image>
    <Image Include="Textures\grass.png">
      <Filter>Soubory zdrojů\Textures</Filter>
    </Image>
  </ItemGroup>
</Project>